// !$*UTF8*$!
{
	archiveVersion = 1;
	classes = {
	};
	objectVersion = 46;
	objects = {

/* Begin PBXBuildFile section */
		8EFC3F591F81D3A6F58F098F /* libPods.a in Frameworks */ = {isa = PBXBuildFile; fileRef = 7D519DE6C49399569DB8A526 /* libPods.a */; };
		E915FBCC1B3E9926003D1672 /* main.m in Sources */ = {isa = PBXBuildFile; fileRef = E915FBCB1B3E9926003D1672 /* main.m */; };
		E915FBCF1B3E9926003D1672 /* AppDelegate.m in Sources */ = {isa = PBXBuildFile; fileRef = E915FBCE1B3E9926003D1672 /* AppDelegate.m */; };
		E915FBD21B3E9926003D1672 /* ViewController.m in Sources */ = {isa = PBXBuildFile; fileRef = E915FBD11B3E9926003D1672 /* ViewController.m */; };
		E915FBD51B3E9926003D1672 /* Main.storyboard in Resources */ = {isa = PBXBuildFile; fileRef = E915FBD31B3E9926003D1672 /* Main.storyboard */; };
		E915FBD71B3E9926003D1672 /* Images.xcassets in Resources */ = {isa = PBXBuildFile; fileRef = E915FBD61B3E9926003D1672 /* Images.xcassets */; };
		E915FBDA1B3E9926003D1672 /* LaunchScreen.xib in Resources */ = {isa = PBXBuildFile; fileRef = E915FBD81B3E9926003D1672 /* LaunchScreen.xib */; };
		E915FBE61B3E9926003D1672 /* LifeSaver_AmbulanceTests.m in Sources */ = {isa = PBXBuildFile; fileRef = E915FBE51B3E9926003D1672 /* LifeSaver_AmbulanceTests.m */; };
		E915FBF21B3EB098003D1672 /* AccidentSummaryController.m in Sources */ = {isa = PBXBuildFile; fileRef = E915FBF11B3EB098003D1672 /* AccidentSummaryController.m */; };
		E915FBF61B3EB844003D1672 /* Victim.m in Sources */ = {isa = PBXBuildFile; fileRef = E915FBF51B3EB844003D1672 /* Victim.m */; };
		E915FBF91B3EB9C5003D1672 /* MedicalInsurance.m in Sources */ = {isa = PBXBuildFile; fileRef = E915FBF81B3EB9C5003D1672 /* MedicalInsurance.m */; };
		E915FBFC1B3EBAD5003D1672 /* AccidentCase.m in Sources */ = {isa = PBXBuildFile; fileRef = E915FBFB1B3EBAD5003D1672 /* AccidentCase.m */; };
		E915FBFF1B3EBB59003D1672 /* Location.m in Sources */ = {isa = PBXBuildFile; fileRef = E915FBFE1B3EBB59003D1672 /* Location.m */; };
		E915FC031B3EC035003D1672 /* AccidentCasePollingService.m in Sources */ = {isa = PBXBuildFile; fileRef = E915FC021B3EC035003D1672 /* AccidentCasePollingService.m */; };
/* End PBXBuildFile section */

/* Begin PBXContainerItemProxy section */
		E915FBE01B3E9926003D1672 /* PBXContainerItemProxy */ = {
			isa = PBXContainerItemProxy;
			containerPortal = E915FBBE1B3E9926003D1672 /* Project object */;
			proxyType = 1;
			remoteGlobalIDString = E915FBC51B3E9926003D1672;
			remoteInfo = "LifeSaver-Ambulance";
		};
/* End PBXContainerItemProxy section */

/* Begin PBXFileReference section */
		7D519DE6C49399569DB8A526 /* libPods.a */ = {isa = PBXFileReference; explicitFileType = archive.ar; includeInIndex = 0; path = libPods.a; sourceTree = BUILT_PRODUCTS_DIR; };
		86AFAACE0B13872CC747ED0B /* Pods.debug.xcconfig */ = {isa = PBXFileReference; includeInIndex = 1; lastKnownFileType = text.xcconfig; name = Pods.debug.xcconfig; path = "Pods/Target Support Files/Pods/Pods.debug.xcconfig"; sourceTree = "<group>"; };
		E915FBC61B3E9926003D1672 /* LifeSaver-Ambulance.app */ = {isa = PBXFileReference; explicitFileType = wrapper.application; includeInIndex = 0; path = "LifeSaver-Ambulance.app"; sourceTree = BUILT_PRODUCTS_DIR; };
		E915FBCA1B3E9926003D1672 /* Info.plist */ = {isa = PBXFileReference; lastKnownFileType = text.plist.xml; path = Info.plist; sourceTree = "<group>"; };
		E915FBCB1B3E9926003D1672 /* main.m */ = {isa = PBXFileReference; lastKnownFileType = sourcecode.c.objc; path = main.m; sourceTree = "<group>"; };
		E915FBCD1B3E9926003D1672 /* AppDelegate.h */ = {isa = PBXFileReference; lastKnownFileType = sourcecode.c.h; path = AppDelegate.h; sourceTree = "<group>"; };
		E915FBCE1B3E9926003D1672 /* AppDelegate.m */ = {isa = PBXFileReference; lastKnownFileType = sourcecode.c.objc; path = AppDelegate.m; sourceTree = "<group>"; };
		E915FBD01B3E9926003D1672 /* ViewController.h */ = {isa = PBXFileReference; lastKnownFileType = sourcecode.c.h; path = ViewController.h; sourceTree = "<group>"; };
		E915FBD11B3E9926003D1672 /* ViewController.m */ = {isa = PBXFileReference; lastKnownFileType = sourcecode.c.objc; path = ViewController.m; sourceTree = "<group>"; };
		E915FBD41B3E9926003D1672 /* Base */ = {isa = PBXFileReference; lastKnownFileType = file.storyboard; name = Base; path = Base.lproj/Main.storyboard; sourceTree = "<group>"; };
		E915FBD61B3E9926003D1672 /* Images.xcassets */ = {isa = PBXFileReference; lastKnownFileType = folder.assetcatalog; path = Images.xcassets; sourceTree = "<group>"; };
		E915FBD91B3E9926003D1672 /* Base */ = {isa = PBXFileReference; lastKnownFileType = file.xib; name = Base; path = Base.lproj/LaunchScreen.xib; sourceTree = "<group>"; };
		E915FBDF1B3E9926003D1672 /* LifeSaver-AmbulanceTests.xctest */ = {isa = PBXFileReference; explicitFileType = wrapper.cfbundle; includeInIndex = 0; path = "LifeSaver-AmbulanceTests.xctest"; sourceTree = BUILT_PRODUCTS_DIR; };
		E915FBE41B3E9926003D1672 /* Info.plist */ = {isa = PBXFileReference; lastKnownFileType = text.plist.xml; path = Info.plist; sourceTree = "<group>"; };
		E915FBE51B3E9926003D1672 /* LifeSaver_AmbulanceTests.m */ = {isa = PBXFileReference; lastKnownFileType = sourcecode.c.objc; path = LifeSaver_AmbulanceTests.m; sourceTree = "<group>"; };
		E915FBF01B3EB098003D1672 /* AccidentSummaryController.h */ = {isa = PBXFileReference; fileEncoding = 4; lastKnownFileType = sourcecode.c.h; name = AccidentSummaryController.h; path = Controller/AccidentSummaryController.h; sourceTree = "<group>"; };
		E915FBF11B3EB098003D1672 /* AccidentSummaryController.m */ = {isa = PBXFileReference; fileEncoding = 4; lastKnownFileType = sourcecode.c.objc; name = AccidentSummaryController.m; path = Controller/AccidentSummaryController.m; sourceTree = "<group>"; };
		E915FBF41B3EB844003D1672 /* Victim.h */ = {isa = PBXFileReference; fileEncoding = 4; lastKnownFileType = sourcecode.c.h; name = Victim.h; path = Model/Victim.h; sourceTree = "<group>"; };
		E915FBF51B3EB844003D1672 /* Victim.m */ = {isa = PBXFileReference; fileEncoding = 4; lastKnownFileType = sourcecode.c.objc; name = Victim.m; path = Model/Victim.m; sourceTree = "<group>"; };
		E915FBF71B3EB9C5003D1672 /* MedicalInsurance.h */ = {isa = PBXFileReference; fileEncoding = 4; lastKnownFileType = sourcecode.c.h; name = MedicalInsurance.h; path = Model/MedicalInsurance.h; sourceTree = "<group>"; };
		E915FBF81B3EB9C5003D1672 /* MedicalInsurance.m */ = {isa = PBXFileReference; fileEncoding = 4; lastKnownFileType = sourcecode.c.objc; name = MedicalInsurance.m; path = Model/MedicalInsurance.m; sourceTree = "<group>"; };
		E915FBFA1B3EBAD5003D1672 /* AccidentCase.h */ = {isa = PBXFileReference; fileEncoding = 4; lastKnownFileType = sourcecode.c.h; name = AccidentCase.h; path = Model/AccidentCase.h; sourceTree = "<group>"; };
		E915FBFB1B3EBAD5003D1672 /* AccidentCase.m */ = {isa = PBXFileReference; fileEncoding = 4; lastKnownFileType = sourcecode.c.objc; name = AccidentCase.m; path = Model/AccidentCase.m; sourceTree = "<group>"; };
		E915FBFD1B3EBB59003D1672 /* Location.h */ = {isa = PBXFileReference; fileEncoding = 4; lastKnownFileType = sourcecode.c.h; name = Location.h; path = Model/Location.h; sourceTree = "<group>"; };
		E915FBFE1B3EBB59003D1672 /* Location.m */ = {isa = PBXFileReference; fileEncoding = 4; lastKnownFileType = sourcecode.c.objc; name = Location.m; path = Model/Location.m; sourceTree = "<group>"; };
		E915FC011B3EC035003D1672 /* AccidentCasePollingService.h */ = {isa = PBXFileReference; fileEncoding = 4; lastKnownFileType = sourcecode.c.h; name = AccidentCasePollingService.h; path = Service/AccidentCasePollingService.h; sourceTree = "<group>"; };
		E915FC021B3EC035003D1672 /* AccidentCasePollingService.m */ = {isa = PBXFileReference; fileEncoding = 4; lastKnownFileType = sourcecode.c.objc; name = AccidentCasePollingService.m; path = Service/AccidentCasePollingService.m; sourceTree = "<group>"; };
		F21CA21D4A4597102D979879 /* Pods.release.xcconfig */ = {isa = PBXFileReference; includeInIndex = 1; lastKnownFileType = text.xcconfig; name = Pods.release.xcconfig; path = "Pods/Target Support Files/Pods/Pods.release.xcconfig"; sourceTree = "<group>"; };
/* End PBXFileReference section */

/* Begin PBXFrameworksBuildPhase section */
		E915FBC31B3E9926003D1672 /* Frameworks */ = {
			isa = PBXFrameworksBuildPhase;
			buildActionMask = 2147483647;
			files = (
				8EFC3F591F81D3A6F58F098F /* libPods.a in Frameworks */,
			);
			runOnlyForDeploymentPostprocessing = 0;
		};
		E915FBDC1B3E9926003D1672 /* Frameworks */ = {
			isa = PBXFrameworksBuildPhase;
			buildActionMask = 2147483647;
			files = (
			);
			runOnlyForDeploymentPostprocessing = 0;
		};
/* End PBXFrameworksBuildPhase section */

/* Begin PBXGroup section */
		31BA68B13E04915D75F2404C /* Pods */ = {
			isa = PBXGroup;
			children = (
				86AFAACE0B13872CC747ED0B /* Pods.debug.xcconfig */,
				F21CA21D4A4597102D979879 /* Pods.release.xcconfig */,
			);
			name = Pods;
			sourceTree = "<group>";
		};
		3E7329580377DEB15E45D029 /* Frameworks */ = {
			isa = PBXGroup;
			children = (
				7D519DE6C49399569DB8A526 /* libPods.a */,
			);
			name = Frameworks;
			sourceTree = "<group>";
		};
		E915FBBD1B3E9926003D1672 = {
			isa = PBXGroup;
			children = (
				E915FBC81B3E9926003D1672 /* LifeSaver-Ambulance */,
				E915FBE21B3E9926003D1672 /* LifeSaver-AmbulanceTests */,
				E915FBC71B3E9926003D1672 /* Products */,
				31BA68B13E04915D75F2404C /* Pods */,
				3E7329580377DEB15E45D029 /* Frameworks */,
			);
			sourceTree = "<group>";
		};
		E915FBC71B3E9926003D1672 /* Products */ = {
			isa = PBXGroup;
			children = (
				E915FBC61B3E9926003D1672 /* LifeSaver-Ambulance.app */,
				E915FBDF1B3E9926003D1672 /* LifeSaver-AmbulanceTests.xctest */,
			);
			name = Products;
			sourceTree = "<group>";
		};
		E915FBC81B3E9926003D1672 /* LifeSaver-Ambulance */ = {
			isa = PBXGroup;
			children = (
				E915FC001B3EBFA1003D1672 /* Service */,
				E915FBF31B3EB81B003D1672 /* Model */,
				E915FBEF1B3EB057003D1672 /* Controller */,
				E915FBCD1B3E9926003D1672 /* AppDelegate.h */,
				E915FBCE1B3E9926003D1672 /* AppDelegate.m */,
				E915FBD01B3E9926003D1672 /* ViewController.h */,
				E915FBD11B3E9926003D1672 /* ViewController.m */,
				E915FBD31B3E9926003D1672 /* Main.storyboard */,
				E915FBD61B3E9926003D1672 /* Images.xcassets */,
				E915FBD81B3E9926003D1672 /* LaunchScreen.xib */,
				E915FBC91B3E9926003D1672 /* Supporting Files */,
			);
			path = "LifeSaver-Ambulance";
			sourceTree = "<group>";
		};
		E915FBC91B3E9926003D1672 /* Supporting Files */ = {
			isa = PBXGroup;
			children = (
				E915FBCA1B3E9926003D1672 /* Info.plist */,
				E915FBCB1B3E9926003D1672 /* main.m */,
			);
			name = "Supporting Files";
			sourceTree = "<group>";
		};
		E915FBE21B3E9926003D1672 /* LifeSaver-AmbulanceTests */ = {
			isa = PBXGroup;
			children = (
				E915FBE51B3E9926003D1672 /* LifeSaver_AmbulanceTests.m */,
				E915FBE31B3E9926003D1672 /* Supporting Files */,
			);
			path = "LifeSaver-AmbulanceTests";
			sourceTree = "<group>";
		};
		E915FBE31B3E9926003D1672 /* Supporting Files */ = {
			isa = PBXGroup;
			children = (
				E915FBE41B3E9926003D1672 /* Info.plist */,
			);
			name = "Supporting Files";
			sourceTree = "<group>";
		};
		E915FBEF1B3EB057003D1672 /* Controller */ = {
			isa = PBXGroup;
			children = (
				E915FBF01B3EB098003D1672 /* AccidentSummaryController.h */,
				E915FBF11B3EB098003D1672 /* AccidentSummaryController.m */,
			);
			name = Controller;
			sourceTree = "<group>";
		};
		E915FBF31B3EB81B003D1672 /* Model */ = {
			isa = PBXGroup;
			children = (
				E915FBF41B3EB844003D1672 /* Victim.h */,
				E915FBF51B3EB844003D1672 /* Victim.m */,
				E915FBF71B3EB9C5003D1672 /* MedicalInsurance.h */,
				E915FBF81B3EB9C5003D1672 /* MedicalInsurance.m */,
				E915FBFA1B3EBAD5003D1672 /* AccidentCase.h */,
				E915FBFB1B3EBAD5003D1672 /* AccidentCase.m */,
				E915FBFD1B3EBB59003D1672 /* Location.h */,
				E915FBFE1B3EBB59003D1672 /* Location.m */,
			);
			name = Model;
			sourceTree = "<group>";
		};
		E915FC001B3EBFA1003D1672 /* Service */ = {
			isa = PBXGroup;
			children = (
				E915FC011B3EC035003D1672 /* AccidentCasePollingService.h */,
				E915FC021B3EC035003D1672 /* AccidentCasePollingService.m */,
			);
			name = Service;
			sourceTree = "<group>";
		};
/* End PBXGroup section */

/* Begin PBXNativeTarget section */
		E915FBC51B3E9926003D1672 /* LifeSaver-Ambulance */ = {
			isa = PBXNativeTarget;
			buildConfigurationList = E915FBE91B3E9926003D1672 /* Build configuration list for PBXNativeTarget "LifeSaver-Ambulance" */;
			buildPhases = (
				A2BAF0FC2948FB5D6A13437C /* Check Pods Manifest.lock */,
				E915FBC21B3E9926003D1672 /* Sources */,
				E915FBC31B3E9926003D1672 /* Frameworks */,
				E915FBC41B3E9926003D1672 /* Resources */,
				BC9B3F87DDF515AF3EC37999 /* Copy Pods Resources */,
			);
			buildRules = (
			);
			dependencies = (
			);
			name = "LifeSaver-Ambulance";
			productName = "LifeSaver-Ambulance";
			productReference = E915FBC61B3E9926003D1672 /* LifeSaver-Ambulance.app */;
			productType = "com.apple.product-type.application";
		};
		E915FBDE1B3E9926003D1672 /* LifeSaver-AmbulanceTests */ = {
			isa = PBXNativeTarget;
			buildConfigurationList = E915FBEC1B3E9926003D1672 /* Build configuration list for PBXNativeTarget "LifeSaver-AmbulanceTests" */;
			buildPhases = (
				E915FBDB1B3E9926003D1672 /* Sources */,
				E915FBDC1B3E9926003D1672 /* Frameworks */,
				E915FBDD1B3E9926003D1672 /* Resources */,
			);
			buildRules = (
			);
			dependencies = (
				E915FBE11B3E9926003D1672 /* PBXTargetDependency */,
			);
			name = "LifeSaver-AmbulanceTests";
			productName = "LifeSaver-AmbulanceTests";
			productReference = E915FBDF1B3E9926003D1672 /* LifeSaver-AmbulanceTests.xctest */;
			productType = "com.apple.product-type.bundle.unit-test";
		};
/* End PBXNativeTarget section */

/* Begin PBXProject section */
		E915FBBE1B3E9926003D1672 /* Project object */ = {
			isa = PBXProject;
			attributes = {
				LastUpgradeCheck = 0620;
				ORGANIZATIONNAME = thoughtworks;
				TargetAttributes = {
					E915FBC51B3E9926003D1672 = {
						CreatedOnToolsVersion = 6.2;
					};
					E915FBDE1B3E9926003D1672 = {
						CreatedOnToolsVersion = 6.2;
						TestTargetID = E915FBC51B3E9926003D1672;
					};
				};
			};
			buildConfigurationList = E915FBC11B3E9926003D1672 /* Build configuration list for PBXProject "LifeSaver-Ambulance" */;
			compatibilityVersion = "Xcode 3.2";
			developmentRegion = English;
			hasScannedForEncodings = 0;
			knownRegions = (
				en,
				Base,
			);
			mainGroup = E915FBBD1B3E9926003D1672;
			productRefGroup = E915FBC71B3E9926003D1672 /* Products */;
			projectDirPath = "";
			projectRoot = "";
			targets = (
				E915FBC51B3E9926003D1672 /* LifeSaver-Ambulance */,
				E915FBDE1B3E9926003D1672 /* LifeSaver-AmbulanceTests */,
			);
		};
/* End PBXProject section */

/* Begin PBXResourcesBuildPhase section */
		E915FBC41B3E9926003D1672 /* Resources */ = {
			isa = PBXResourcesBuildPhase;
			buildActionMask = 2147483647;
			files = (
				E915FBD51B3E9926003D1672 /* Main.storyboard in Resources */,
				E915FBDA1B3E9926003D1672 /* LaunchScreen.xib in Resources */,
				E915FBD71B3E9926003D1672 /* Images.xcassets in Resources */,
			);
			runOnlyForDeploymentPostprocessing = 0;
		};
		E915FBDD1B3E9926003D1672 /* Resources */ = {
			isa = PBXResourcesBuildPhase;
			buildActionMask = 2147483647;
			files = (
			);
			runOnlyForDeploymentPostprocessing = 0;
		};
/* End PBXResourcesBuildPhase section */

/* Begin PBXShellScriptBuildPhase section */
		A2BAF0FC2948FB5D6A13437C /* Check Pods Manifest.lock */ = {
			isa = PBXShellScriptBuildPhase;
			buildActionMask = 2147483647;
			files = (
			);
			inputPaths = (
			);
			name = "Check Pods Manifest.lock";
			outputPaths = (
			);
			runOnlyForDeploymentPostprocessing = 0;
			shellPath = /bin/sh;
			shellScript = "diff \"${PODS_ROOT}/../Podfile.lock\" \"${PODS_ROOT}/Manifest.lock\" > /dev/null\nif [[ $? != 0 ]] ; then\n    cat << EOM\nerror: The sandbox is not in sync with the Podfile.lock. Run 'pod install' or update your CocoaPods installation.\nEOM\n    exit 1\nfi\n";
			showEnvVarsInLog = 0;
		};
		BC9B3F87DDF515AF3EC37999 /* Copy Pods Resources */ = {
			isa = PBXShellScriptBuildPhase;
			buildActionMask = 2147483647;
			files = (
			);
			inputPaths = (
			);
			name = "Copy Pods Resources";
			outputPaths = (
			);
			runOnlyForDeploymentPostprocessing = 0;
			shellPath = /bin/sh;
			shellScript = "\"${SRCROOT}/Pods/Target Support Files/Pods/Pods-resources.sh\"\n";
			showEnvVarsInLog = 0;
		};
/* End PBXShellScriptBuildPhase section */

/* Begin PBXSourcesBuildPhase section */
		E915FBC21B3E9926003D1672 /* Sources */ = {
			isa = PBXSourcesBuildPhase;
			buildActionMask = 2147483647;
			files = (
				E915FBF91B3EB9C5003D1672 /* MedicalInsurance.m in Sources */,
				E915FBD21B3E9926003D1672 /* ViewController.m in Sources */,
				E915FBCF1B3E9926003D1672 /* AppDelegate.m in Sources */,
				E915FBCC1B3E9926003D1672 /* main.m in Sources */,
				E915FC031B3EC035003D1672 /* AccidentCasePollingService.m in Sources */,
				E915FBFC1B3EBAD5003D1672 /* AccidentCase.m in Sources */,
				E915FBF61B3EB844003D1672 /* Victim.m in Sources */,
				E915FBFF1B3EBB59003D1672 /* Location.m in Sources */,
				E915FBF21B3EB098003D1672 /* AccidentSummaryController.m in Sources */,
			);
			runOnlyForDeploymentPostprocessing = 0;
		};
		E915FBDB1B3E9926003D1672 /* Sources */ = {
			isa = PBXSourcesBuildPhase;
			buildActionMask = 2147483647;
			files = (
				E915FBE61B3E9926003D1672 /* LifeSaver_AmbulanceTests.m in Sources */,
			);
			runOnlyForDeploymentPostprocessing = 0;
		};
/* End PBXSourcesBuildPhase section */

/* Begin PBXTargetDependency section */
		E915FBE11B3E9926003D1672 /* PBXTargetDependency */ = {
			isa = PBXTargetDependency;
			target = E915FBC51B3E9926003D1672 /* LifeSaver-Ambulance */;
			targetProxy = E915FBE01B3E9926003D1672 /* PBXContainerItemProxy */;
		};
/* End PBXTargetDependency section */

/* Begin PBXVariantGroup section */
		E915FBD31B3E9926003D1672 /* Main.storyboard */ = {
			isa = PBXVariantGroup;
			children = (
				E915FBD41B3E9926003D1672 /* Base */,
			);
			name = Main.storyboard;
			sourceTree = "<group>";
		};
		E915FBD81B3E9926003D1672 /* LaunchScreen.xib */ = {
			isa = PBXVariantGroup;
			children = (
				E915FBD91B3E9926003D1672 /* Base */,
			);
			name = LaunchScreen.xib;
			sourceTree = "<group>";
		};
/* End PBXVariantGroup section */

/* Begin XCBuildConfiguration section */
		E915FBE71B3E9926003D1672 /* Debug */ = {
			isa = XCBuildConfiguration;
			buildSettings = {
				ALWAYS_SEARCH_USER_PATHS = NO;
				CLANG_CXX_LANGUAGE_STANDARD = "gnu++0x";
				CLANG_CXX_LIBRARY = "libc++";
				CLANG_ENABLE_MODULES = YES;
				CLANG_ENABLE_OBJC_ARC = YES;
				CLANG_WARN_BOOL_CONVERSION = YES;
				CLANG_WARN_CONSTANT_CONVERSION = YES;
				CLANG_WARN_DIRECT_OBJC_ISA_USAGE = YES_ERROR;
				CLANG_WARN_EMPTY_BODY = YES;
				CLANG_WARN_ENUM_CONVERSION = YES;
				CLANG_WARN_INT_CONVERSION = YES;
				CLANG_WARN_OBJC_ROOT_CLASS = YES_ERROR;
				CLANG_WARN_UNREACHABLE_CODE = YES;
				CLANG_WARN__DUPLICATE_METHOD_MATCH = YES;
				"CODE_SIGN_IDENTITY[sdk=iphoneos*]" = "iPhone Developer";
				COPY_PHASE_STRIP = NO;
				ENABLE_STRICT_OBJC_MSGSEND = YES;
				GCC_C_LANGUAGE_STANDARD = gnu99;
				GCC_DYNAMIC_NO_PIC = NO;
				GCC_OPTIMIZATION_LEVEL = 0;
				GCC_PREPROCESSOR_DEFINITIONS = (
					"DEBUG=1",
					"$(inherited)",
				);
				GCC_SYMBOLS_PRIVATE_EXTERN = NO;
				GCC_WARN_64_TO_32_BIT_CONVERSION = YES;
				GCC_WARN_ABOUT_RETURN_TYPE = YES_ERROR;
				GCC_WARN_UNDECLARED_SELECTOR = YES;
				GCC_WARN_UNINITIALIZED_AUTOS = YES_AGGRESSIVE;
				GCC_WARN_UNUSED_FUNCTION = YES;
				GCC_WARN_UNUSED_VARIABLE = YES;
				IPHONEOS_DEPLOYMENT_TARGET = 8.2;
				MTL_ENABLE_DEBUG_INFO = YES;
				ONLY_ACTIVE_ARCH = YES;
				SDKROOT = iphoneos;
			};
			name = Debug;
		};
		E915FBE81B3E9926003D1672 /* Release */ = {
			isa = XCBuildConfiguration;
			buildSettings = {
				ALWAYS_SEARCH_USER_PATHS = NO;
				CLANG_CXX_LANGUAGE_STANDARD = "gnu++0x";
				CLANG_CXX_LIBRARY = "libc++";
				CLANG_ENABLE_MODULES = YES;
				CLANG_ENABLE_OBJC_ARC = YES;
				CLANG_WARN_BOOL_CONVERSION = YES;
				CLANG_WARN_CONSTANT_CONVERSION = YES;
				CLANG_WARN_DIRECT_OBJC_ISA_USAGE = YES_ERROR;
				CLANG_WARN_EMPTY_BODY = YES;
				CLANG_WARN_ENUM_CONVERSION = YES;
				CLANG_WARN_INT_CONVERSION = YES;
				CLANG_WARN_OBJC_ROOT_CLASS = YES_ERROR;
				CLANG_WARN_UNREACHABLE_CODE = YES;
				CLANG_WARN__DUPLICATE_METHOD_MATCH = YES;
				"CODE_SIGN_IDENTITY[sdk=iphoneos*]" = "iPhone Developer";
				COPY_PHASE_STRIP = NO;
				ENABLE_NS_ASSERTIONS = NO;
				ENABLE_STRICT_OBJC_MSGSEND = YES;
				GCC_C_LANGUAGE_STANDARD = gnu99;
				GCC_WARN_64_TO_32_BIT_CONVERSION = YES;
				GCC_WARN_ABOUT_RETURN_TYPE = YES_ERROR;
				GCC_WARN_UNDECLARED_SELECTOR = YES;
				GCC_WARN_UNINITIALIZED_AUTOS = YES_AGGRESSIVE;
				GCC_WARN_UNUSED_FUNCTION = YES;
				GCC_WARN_UNUSED_VARIABLE = YES;
				IPHONEOS_DEPLOYMENT_TARGET = 8.2;
				MTL_ENABLE_DEBUG_INFO = NO;
				SDKROOT = iphoneos;
				VALIDATE_PRODUCT = YES;
			};
			name = Release;
		};
		E915FBEA1B3E9926003D1672 /* Debug */ = {
			isa = XCBuildConfiguration;
			baseConfigurationReference = 86AFAACE0B13872CC747ED0B /* Pods.debug.xcconfig */;
			buildSettings = {
				ASSETCATALOG_COMPILER_APPICON_NAME = AppIcon;
				INFOPLIST_FILE = "LifeSaver-Ambulance/Info.plist";
				LD_RUNPATH_SEARCH_PATHS = "$(inherited) @executable_path/Frameworks";
				PRODUCT_NAME = "$(TARGET_NAME)";
				TARGETED_DEVICE_FAMILY = 1;
			};
			name = Debug;
		};
		E915FBEB1B3E9926003D1672 /* Release */ = {
			isa = XCBuildConfiguration;
			baseConfigurationReference = F21CA21D4A4597102D979879 /* Pods.release.xcconfig */;
			buildSettings = {
				ASSETCATALOG_COMPILER_APPICON_NAME = AppIcon;
				INFOPLIST_FILE = "LifeSaver-Ambulance/Info.plist";
				LD_RUNPATH_SEARCH_PATHS = "$(inherited) @executable_path/Frameworks";
				PRODUCT_NAME = "$(TARGET_NAME)";
				TARGETED_DEVICE_FAMILY = 1;
			};
			name = Release;
		};
		E915FBED1B3E9926003D1672 /* Debug */ = {
			isa = XCBuildConfiguration;
			buildSettings = {
				BUNDLE_LOADER = "$(TEST_HOST)";
				FRAMEWORK_SEARCH_PATHS = (
					"$(SDKROOT)/Developer/Library/Frameworks",
					"$(inherited)",
				);
				GCC_PREPROCESSOR_DEFINITIONS = (
					"DEBUG=1",
					"$(inherited)",
				);
				INFOPLIST_FILE = "LifeSaver-AmbulanceTests/Info.plist";
				LD_RUNPATH_SEARCH_PATHS = "$(inherited) @executable_path/Frameworks @loader_path/Frameworks";
				PRODUCT_NAME = "$(TARGET_NAME)";
				TEST_HOST = "$(BUILT_PRODUCTS_DIR)/LifeSaver-Ambulance.app/LifeSaver-Ambulance";
			};
			name = Debug;
		};
		E915FBEE1B3E9926003D1672 /* Release */ = {
			isa = XCBuildConfiguration;
			buildSettings = {
				BUNDLE_LOADER = "$(TEST_HOST)";
				FRAMEWORK_SEARCH_PATHS = (
					"$(SDKROOT)/Developer/Library/Frameworks",
					"$(inherited)",
				);
				INFOPLIST_FILE = "LifeSaver-AmbulanceTests/Info.plist";
				LD_RUNPATH_SEARCH_PATHS = "$(inherited) @executable_path/Frameworks @loader_path/Frameworks";
				PRODUCT_NAME = "$(TARGET_NAME)";
				TEST_HOST = "$(BUILT_PRODUCTS_DIR)/LifeSaver-Ambulance.app/LifeSaver-Ambulance";
			};
			name = Release;
		};
/* End XCBuildConfiguration section */

/* Begin XCConfigurationList section */
		E915FBC11B3E9926003D1672 /* Build configuration list for PBXProject "LifeSaver-Ambulance" */ = {
			isa = XCConfigurationList;
			buildConfigurations = (
				E915FBE71B3E9926003D1672 /* Debug */,
				E915FBE81B3E9926003D1672 /* Release */,
			);
			defaultConfigurationIsVisible = 0;
			defaultConfigurationName = Release;
		};
		E915FBE91B3E9926003D1672 /* Build configuration list for PBXNativeTarget "LifeSaver-Ambulance" */ = {
			isa = XCConfigurationList;
			buildConfigurations = (
				E915FBEA1B3E9926003D1672 /* Debug */,
				E915FBEB1B3E9926003D1672 /* Release */,
			);
			defaultConfigurationIsVisible = 0;
			defaultConfigurationName = Release;
		};
		E915FBEC1B3E9926003D1672 /* Build configuration list for PBXNativeTarget "LifeSaver-AmbulanceTests" */ = {
			isa = XCConfigurationList;
			buildConfigurations = (
				E915FBED1B3E9926003D1672 /* Debug */,
				E915FBEE1B3E9926003D1672 /* Release */,
			);
			defaultConfigurationIsVisible = 0;
			defaultConfigurationName = Release;
		};
/* End XCConfigurationList section */
	};
	rootObject = E915FBBE1B3E9926003D1672 /* Project object */;
}
